
Microsoft Visual Studio Solution File, Format Version 12.00
# Visual Studio Version 16
VisualStudioVersion = 16.0.29905.134
MinimumVisualStudioVersion = 10.0.40219.1
Project("{9A19103F-16F7-4668-BE54-9A1E7A4F7556}") = "LambdaAndLINQ", "LambdaAndLINQ\LambdaAndLINQ.csproj", "{C87319E4-2AEF-4EBA-91B0-EEC0C669C43D}"
EndProject
Project("{FAE04EC0-301F-11D3-BF4B-00C04F79EFBC}") = "grouping", "grouping\grouping.csproj", "{F5161FD4-B715-405F-8310-207D168AAACF}"
EndProject
Project("{FAE04EC0-301F-11D3-BF4B-00C04F79EFBC}") = "StudentsDemo", "StudentsDemo\StudentsDemo.csproj", "{CF9D48F4-F09C-4F56-9ED9-706E58B9AD6B}"
EndProject
Project("{FAE04EC0-301F-11D3-BF4B-00C04F79EFBC}") = "Product_Demo", "Product_Demo\Product_Demo.csproj", "{2E9E3F2D-9139-4B8F-B083-152E3746B472}"
EndProject
Global
	GlobalSection(SolutionConfigurationPlatforms) = preSolution
		Debug|Any CPU = Debug|Any CPU
		Release|Any CPU = Release|Any CPU
	EndGlobalSection
	GlobalSection(ProjectConfigurationPlatforms) = postSolution
		{C87319E4-2AEF-4EBA-91B0-EEC0C669C43D}.Debug|Any CPU.ActiveCfg = Debug|Any CPU
		{C87319E4-2AEF-4EBA-91B0-EEC0C669C43D}.Debug|Any CPU.Build.0 = Debug|Any CPU
		{C87319E4-2AEF-4EBA-91B0-EEC0C669C43D}.Release|Any CPU.ActiveCfg = Release|Any CPU
		{C87319E4-2AEF-4EBA-91B0-EEC0C669C43D}.Release|Any CPU.Build.0 = Release|Any CPU
		{F5161FD4-B715-405F-8310-207D168AAACF}.Debug|Any CPU.ActiveCfg = Debug|Any CPU
		{F5161FD4-B715-405F-8310-207D168AAACF}.Debug|Any CPU.Build.0 = Debug|Any CPU
		{F5161FD4-B715-405F-8310-207D168AAACF}.Release|Any CPU.ActiveCfg = Release|Any CPU
		{F5161FD4-B715-405F-8310-207D168AAACF}.Release|Any CPU.Build.0 = Release|Any CPU
		{CF9D48F4-F09C-4F56-9ED9-706E58B9AD6B}.Debug|Any CPU.ActiveCfg = Debug|Any CPU
		{CF9D48F4-F09C-4F56-9ED9-706E58B9AD6B}.Debug|Any CPU.Build.0 = Debug|Any CPU
		{CF9D48F4-F09C-4F56-9ED9-706E58B9AD6B}.Release|Any CPU.ActiveCfg = Release|Any CPU
		{CF9D48F4-F09C-4F56-9ED9-706E58B9AD6B}.Release|Any CPU.Build.0 = Release|Any CPU
		{2E9E3F2D-9139-4B8F-B083-152E3746B472}.Debug|Any CPU.ActiveCfg = Debug|Any CPU
		{2E9E3F2D-9139-4B8F-B083-152E3746B472}.Debug|Any CPU.Build.0 = Debug|Any CPU
		{2E9E3F2D-9139-4B8F-B083-152E3746B472}.Release|Any CPU.ActiveCfg = Release|Any CPU
		{2E9E3F2D-9139-4B8F-B083-152E3746B472}.Release|Any CPU.Build.0 = Release|Any CPU
	EndGlobalSection
	GlobalSection(SolutionProperties) = preSolution
		HideSolutionNode = FALSE
	EndGlobalSection
	GlobalSection(ExtensibilityGlobals) = postSolution
		SolutionGuid = {41FE1409-97BD-4D2D-AD91-FE707BEAC14B}
	EndGlobalSection
EndGlobal
